# THIS IS AN AUTOGENERATED FILE. DO NOT EDIT THIS FILE DIRECTLY.
# yarn lockfile v1


crypto-js@^4.1.1:
  version "4.1.1"
  resolved "https://a0us.jfrog.io/a0us/api/npm/npm/crypto-js/-/crypto-js-4.1.1.tgz#9e485bcf03521041bd85844786b83fb7619736cf"
  integrity sha1-nkhbzwNSEEG9hYRHhrg/t2GXNs8=

json-beautify@^1.1.1:
  version "1.1.1"
  resolved "https://a0us.jfrog.io/a0us/api/npm/npm/json-beautify/-/json-beautify-1.1.1.tgz#8a1ed511ad5d52ca63ed29f7c61896c6a6ebbb9f"
  integrity sha1-ih7VEa1dUspj7Sn3xhiWxqbru58=
